{
  "name": "vroid",
  "version": "1.0.0",
  "lockfileVersion": 1,
  "requires": true,
  "dependencies": {
    "@pixiv/three-vrm": {
      "version": "0.6.10",
      "resolved": "https://registry.npmjs.org/@pixiv/three-vrm/-/three-vrm-0.6.10.tgz",
      "integrity": "sha512-4SZvw1NMpRGhE/WBA8yPMc64G4GPtfx0DCHH4ppjhHgrHGK6sQUBTj1ISK2eG2OtyT6qWTcllS68OjShR1IeOw=="
    },
    "three": {
      "version": "0.138.2",
      "resolved": "https://registry.npmjs.org/three/-/three-0.138.2.tgz",
      "integrity": "sha512-l49+mdqpevKIk7ByLmt7cc5RdSwSnZ6rP1cLe8VCI/++c0/6AFYyHw6xjT2VyXYxodCnDSw7iARjKL2MlHVCOg=="
    }
  }
}
